#MicroXplorer Configuration settings - do not modify
Mcu.Family=STM32G4
ProjectManager.MainLocation=Src
Dma.SPI1_TX.0.MemInc=DMA_MINC_ENABLE
USB_DEVICE.CLASS_NAME_FS=CDC
Dma.SPI1_TX.0.EventEnable=DISABLE
RCC.USART1Freq_Value=170000000
SPI2.VirtualNSS=VM_NSSHARD
Dma.SPI1_TX.0.PeriphInc=DMA_PINC_DISABLE
Dma.SPI2_RX.1.MemDataAlignment=DMA_MDATAALIGN_BYTE
RCC.SAI1Freq_Value=170000000
RCC.CortexFreq_Value=170000000
SAI1.VirtualMode-SAI_A_AsyncSlave=VM_SLAVE
Dma.SPI2_RX.1.RequestParameters=Instance,Direction,PeriphInc,MemInc,PeriphDataAlignment,MemDataAlignment,Mode,Priority,SignalID,Polarity,RequestNumber,SyncSignalID,SyncPolarity,SyncEnable,EventEnable,SyncRequestNumber
ProjectManager.KeepUserCode=true
Mcu.UserName=STM32G473CETx
SPI1.VirtualType=VM_MASTER
SPI2.VirtualType=VM_SLAVE
SAI1.FrameLength-SAI_A_AsyncSlave=256
ProjectManager.functionlistsort=1-MX_GPIO_Init-GPIO-false-HAL-true,2-SystemClock_Config-RCC-false-HAL-false,3-MX_USB_Device_Init-USB_DEVICE-false-HAL-false
PA11.Mode=Device
RCC.USART2Freq_Value=170000000
Dma.SPI2_RX.1.Polarity=HAL_DMAMUX_REQ_GEN_RISING
Dma.SPI1_TX.0.SyncRequestNumber=1
Dma.SAI1_A.2.RequestParameters=Instance,Direction,PeriphInc,MemInc,PeriphDataAlignment,MemDataAlignment,Mode,Priority,SignalID,Polarity,RequestNumber,SyncSignalID,SyncPolarity,SyncEnable,EventEnable,SyncRequestNumber
Dma.SPI2_RX.1.Mode=DMA_NORMAL
PB13.Signal=SPI2_SCK
PB15.Signal=SPI2_MOSI
PinOutPanel.RotationAngle=0
Dma.SPI2_RX.1.Direction=DMA_PERIPH_TO_MEMORY
RCC.MCO1PinFreq_Value=16000000
RCC.SYSCLKSource=RCC_SYSCLKSOURCE_PLLCLK
ProjectManager.StackSize=0x1000
VP_FREERTOS_VS_CMSIS_V2.Mode=CMSIS_V2
NVIC.DMA1_Channel3_IRQn=true\:5\:0\:false\:false\:true\:true\:false\:true
SAI1.Instance-SAI_A_AsyncSlave=SAI$Index_Block_A
RCC.I2C3Freq_Value=170000000
RCC.LPTIM1Freq_Value=170000000
Dma.SPI2_RX.1.PeriphDataAlignment=DMA_PDATAALIGN_BYTE
Mcu.IP4=SAI1
RCC.FCLKCortexFreq_Value=170000000
Mcu.IP5=SPI1
Mcu.IP2=NVIC
NVIC.SVCall_IRQn=true\:0\:0\:false\:false\:false\:false\:false\:false
Mcu.IP3=RCC
Mcu.IP0=DMA
Mcu.IP1=FREERTOS
PA12.Signal=USB_DP
Mcu.UserConstants=
SAI1.VirtualSlotActive-SAI_A_AsyncSlave=SAI_SLOTACTIVE_ALL
Mcu.ThirdPartyNb=0
SPI1.Direction=SPI_DIRECTION_2LINES
USB_DEVICE.USBD_MAX_NUM_INTERFACES=4
RCC.HCLKFreq_Value=170000000
RCC.I2C4Freq_Value=170000000
Mcu.IPNb=10
ProjectManager.PreviousToolchain=SW4STM32
RCC.APB2TimFreq_Value=170000000
Dma.SAI1_A.2.RequestNumber=1
Dma.SPI2_RX.1.RequestNumber=1
SPI1.CalculateBaudRate=2.65625 MBits/s
Mcu.Pin6=PB15
Mcu.Pin7=PA8
Mcu.Pin8=PA9
Mcu.Pin9=PA10
FREERTOS.IPParameters=Tasks01,configTOTAL_HEAP_SIZE
RCC.AHBFreq_Value=170000000
Mcu.Pin0=PF0-OSC_IN
Mcu.Pin1=PF1-OSC_OUT
GPIO.groupedBy=Group By Peripherals
Mcu.Pin2=PA5
Mcu.Pin3=PA7
RCC.USART3Freq_Value=170000000
Mcu.Pin4=PB12
Mcu.Pin5=PB13
ProjectManager.ProjectBuild=false
RCC.HSE_VALUE=24000000
NVIC.UsageFault_IRQn=true\:0\:0\:false\:false\:true\:false\:false\:false
NVIC.DebugMonitor_IRQn=true\:0\:0\:false\:false\:true\:false\:false\:false
PA8.Locked=true
NVIC.SysTick_IRQn=true\:15\:0\:false\:false\:false\:true\:false\:false
RCC.ADC12Freq_Value=170000000
ProjectManager.FirmwarePackage=STM32Cube FW_G4 V1.2.0
MxDb.Version=DB.5.0.60
ProjectManager.BackupPrevious=false
RCC.VCOInputFreq_Value=4000000
SAI1.SlotNumber-SAI_A_AsyncSlave=8
VP_SYS_VS_tim1.Mode=TIM1
File.Version=6
SPI2.CalculateBaudRate=85.0 MBits/s
VP_SYS_VS_DBSignals.Mode=DisableDeadBatterySignals
PA8.Signal=SAI1_SCK_A
RCC.PLLRCLKFreq_Value=170000000
Dma.SPI1_TX.0.RequestNumber=1
NVIC.PendSV_IRQn=true\:15\:0\:false\:false\:false\:true\:false\:false
Dma.SAI1_A.2.EventEnable=DISABLE
Dma.SPI1_TX.0.Polarity=HAL_DMAMUX_REQ_GEN_RISING
Dma.SAI1_A.2.Direction=DMA_PERIPH_TO_MEMORY
Dma.RequestsNb=3
ProjectManager.HalAssertFull=false
FREERTOS.configTOTAL_HEAP_SIZE=16384
Dma.SPI2_RX.1.SyncRequestNumber=1
RCC.CRSFreq_Value=48000000
ProjectManager.ProjectName=LiCAP_R_EVT
Dma.SPI1_TX.0.Mode=DMA_NORMAL
Mcu.Package=LQFP48
PB12.Mode=NSS_Signal_Hard_Input
NVIC.TimeBase=TIM1_UP_TIM16_IRQn
SPI2.Mode=SPI_MODE_SLAVE
Dma.SPI1_TX.0.SyncEnable=DISABLE
SAI1.DataSize-SAI_A_AsyncSlave=SAI_DATASIZE_24
ProjectManager.ToolChainLocation=
RCC.LSI_VALUE=32000
NVIC.TimeBaseIP=TIM1
RCC.LSCOPinFreq_Value=32000
PA10.Signal=SAI1_SD_A
VP_USB_DEVICE_VS_USB_DEVICE_CDC_FS.Signal=USB_DEVICE_VS_USB_DEVICE_CDC_FS
Dma.SPI2_RX.1.Instance=DMA1_Channel2
NVIC.USB_LP_IRQn=true\:5\:0\:false\:false\:true\:true\:false\:true
SAI1.SlotActive-SAI_A_AsyncSlave=0x0000FFFF
RCC.PLLPoutputFreq_Value=170000000
Dma.Request2=SAI1_A
Dma.Request1=SPI2_RX
RCC.APB1TimFreq_Value=170000000
NVIC.BusFault_IRQn=true\:0\:0\:false\:false\:true\:false\:false\:false
RCC.LPUART1Freq_Value=170000000
SPI2.Direction=SPI_DIRECTION_2LINES_RXONLY
PB13.Mode=RX_Only_Simplex_Unidirect_Slave
RCC.CK48CLockSelection=RCC_USBCLKSOURCE_HSI48
Dma.SPI1_TX.0.SyncSignalID=NONE
PF1-OSC_OUT.Mode=HSE-External-Oscillator
Dma.Request0=SPI1_TX
SPI1.BaudRatePrescaler=SPI_BAUDRATEPRESCALER_64
SAI1.SlotSize-SAI_A_AsyncSlave=SAI_SLOTSIZE_32B
Dma.SPI2_RX.1.SyncPolarity=HAL_DMAMUX_SYNC_NO_EVENT
ProjectManager.CustomerFirmwarePackage=
PF1-OSC_OUT.Signal=RCC_OSC_OUT
RCC.HSI48_VALUE=48000000
RCC.HRTIM1Freq_Value=170000000
Dma.SAI1_A.2.Mode=DMA_NORMAL
PA5.Mode=TX_Only_Simplex_Unidirect_Master
RCC.PLLSourceVirtual=RCC_PLLSOURCE_HSE
RCC.I2SFreq_Value=170000000
RCC.PLLQoutputFreq_Value=170000000
ProjectManager.ProjectFileName=LiCAP_R_EVT.ioc
FREERTOS.Tasks01=defaultTask,24,128,StartDefaultTask,Default,NULL,Dynamic,NULL,NULL
PA7.Mode=TX_Only_Simplex_Unidirect_Master
PA10.Mode=SAI_A_AsyncSlave
Mcu.PinsNb=16
ProjectManager.NoMain=false
SPI1.IPParameters=VirtualType,Mode,Direction,CalculateBaudRate,BaudRatePrescaler
USB_DEVICE.VirtualModeFS=Cdc_FS
Dma.SAI1_A.2.Instance=DMA1_Channel3
RCC.EXTERNAL_CLOCK_VALUE=12288000
ProjectManager.DefaultFWLocation=true
ProjectManager.DeletePrevious=true
Dma.SAI1_A.2.SyncRequestNumber=1
Dma.SAI1_A.2.MemInc=DMA_MINC_ENABLE
RCC.QSPIFreq_Value=170000000
USB_DEVICE.IPParameters=VirtualMode,VirtualModeFS,CLASS_NAME_FS,USBD_MAX_NUM_INTERFACES
RCC.FamilyName=M
Dma.SPI2_RX.1.EventEnable=DISABLE
Dma.SPI2_RX.1.SyncSignalID=NONE
Dma.SPI1_TX.0.SignalID=NONE
Dma.SAI1_A.2.PeriphInc=DMA_PINC_DISABLE
Dma.SAI1_A.2.Priority=DMA_PRIORITY_LOW
Dma.SAI1_A.2.SignalID=NONE
PA9.Mode=SAI_A_AsyncSlave
Dma.SPI1_TX.0.RequestParameters=Instance,Direction,PeriphInc,MemInc,PeriphDataAlignment,MemDataAlignment,Mode,Priority,SignalID,Polarity,RequestNumber,SyncSignalID,SyncPolarity,SyncEnable,EventEnable,SyncRequestNumber
NVIC.DMA1_Channel2_IRQn=true\:5\:0\:false\:false\:true\:true\:false\:true
ProjectManager.TargetToolchain=SW4STM32
Dma.SAI1_A.2.SyncPolarity=HAL_DMAMUX_SYNC_NO_EVENT
Dma.SPI1_TX.0.PeriphDataAlignment=DMA_PDATAALIGN_BYTE
Dma.SPI1_TX.0.Direction=DMA_MEMORY_TO_PERIPH
VP_USB_DEVICE_VS_USB_DEVICE_CDC_FS.Mode=CDC_FS
PA9.Signal=SAI1_FS_A
SPI2.IPParameters=VirtualType,Mode,Direction,VirtualNSS,DataSize,TIMode,CalculateBaudRate
Dma.SPI1_TX.0.SyncPolarity=HAL_DMAMUX_SYNC_NO_EVENT
Dma.SAI1_A.2.MemDataAlignment=DMA_MDATAALIGN_WORD
RCC.USBFreq_Value=48000000
RCC.LSE_VALUE=32768
PF0-OSC_IN.Mode=HSE-External-Oscillator
PA5.Signal=SPI1_SCK
board=custom
SAI1.IPParameters=Instance-SAI_A_AsyncSlave,VirtualMode-SAI_A_AsyncSlave,FrameLength-SAI_A_AsyncSlave,DataSize-SAI_A_AsyncSlave,SlotSize-SAI_A_AsyncSlave,SlotNumber-SAI_A_AsyncSlave,VirtualSlotActive-SAI_A_AsyncSlave,SlotActive-SAI_A_AsyncSlave
RCC.VCOOutputFreq_Value=340000000
ProjectManager.LastFirmware=true
PB15.Mode=RX_Only_Simplex_Unidirect_Slave
Dma.SPI2_RX.1.SyncEnable=DISABLE
Dma.SPI2_RX.1.SignalID=NONE
RCC.ADC345Freq_Value=170000000
RCC.APB2Freq_Value=170000000
RCC.UART4Freq_Value=170000000
MxCube.Version=5.6.0
Dma.SPI2_RX.1.Priority=DMA_PRIORITY_LOW
RCC.I2C1Freq_Value=170000000
VP_SYS_VS_tim1.Signal=SYS_VS_tim1
Dma.SAI1_A.2.SyncEnable=DISABLE
SPI1.Mode=SPI_MODE_MASTER
VP_SYS_VS_DBSignals.Signal=SYS_VS_DBSignals
RCC.FDCANFreq_Value=170000000
RCC.RNGFreq_Value=48000000
Dma.SPI1_TX.0.Instance=DMA1_Channel1
NVIC.NonMaskableInt_IRQn=true\:0\:0\:false\:false\:true\:false\:false\:false
RCC.UART5Freq_Value=170000000
ProjectManager.FreePins=false
RCC.IPParameters=ADC12Freq_Value,ADC345Freq_Value,AHBFreq_Value,APB1Freq_Value,APB1TimFreq_Value,APB2Freq_Value,APB2TimFreq_Value,CK48CLockSelection,CRSFreq_Value,CortexFreq_Value,EXTERNAL_CLOCK_VALUE,FCLKCortexFreq_Value,FDCANFreq_Value,FamilyName,HCLKFreq_Value,HRTIM1Freq_Value,HSE_VALUE,HSI48_VALUE,HSI_VALUE,I2C1Freq_Value,I2C2Freq_Value,I2C3Freq_Value,I2C4Freq_Value,I2SFreq_Value,LPTIM1Freq_Value,LPUART1Freq_Value,LSCOPinFreq_Value,LSE_VALUE,LSI_VALUE,MCO1PinFreq_Value,PLLM,PLLN,PLLPoutputFreq_Value,PLLQoutputFreq_Value,PLLRCLKFreq_Value,PLLSourceVirtual,PWRFreq_Value,QSPIFreq_Value,RNGFreq_Value,SAI1Freq_Value,SYSCLKFreq_VALUE,SYSCLKSource,UART4Freq_Value,UART5Freq_Value,USART1Freq_Value,USART2Freq_Value,USART3Freq_Value,USBFreq_Value,VCOInputFreq_Value,VCOOutputFreq_Value
ProjectManager.AskForMigrate=true
Mcu.Name=STM32G473C(B-C-E)Tx
Dma.SPI2_RX.1.PeriphInc=DMA_PINC_DISABLE
ProjectManager.UnderRoot=true
Mcu.IP8=USB
VP_FREERTOS_VS_CMSIS_V2.Signal=FREERTOS_VS_CMSIS_V2
Mcu.IP9=USB_DEVICE
Mcu.IP6=SPI2
Mcu.IP7=SYS
ProjectManager.CoupleFile=true
RCC.SYSCLKFreq_VALUE=170000000
PA12.Mode=Device
NVIC.ForceEnableDMAVector=true
KeepUserPlacement=false
NVIC.MemoryManagement_IRQn=true\:0\:0\:false\:false\:true\:false\:false\:false
ProjectManager.CompilerOptimize=6
Dma.SAI1_A.2.PeriphDataAlignment=DMA_PDATAALIGN_WORD
PA11.Signal=USB_DM
ProjectManager.HeapSize=0x1000
Dma.SPI1_TX.0.Priority=DMA_PRIORITY_LOW
Dma.SPI1_TX.0.MemDataAlignment=DMA_MDATAALIGN_BYTE
Mcu.Pin15=VP_USB_DEVICE_VS_USB_DEVICE_CDC_FS
NVIC.HardFault_IRQn=true\:0\:0\:false\:false\:true\:false\:false\:false
Mcu.Pin13=VP_SYS_VS_tim1
Mcu.Pin14=VP_SYS_VS_DBSignals
ProjectManager.ComputerToolchain=false
RCC.HSI_VALUE=16000000
NVIC.TIM1_UP_TIM16_IRQn=true\:0\:0\:false\:false\:true\:false\:false\:true
Dma.SAI1_A.2.SyncSignalID=NONE
NVIC.PriorityGroup=NVIC_PRIORITYGROUP_4
Mcu.Pin11=PA12
Mcu.Pin12=VP_FREERTOS_VS_CMSIS_V2
RCC.PLLM=RCC_PLLM_DIV6
RCC.PLLN=85
Mcu.Pin10=PA11
RCC.PWRFreq_Value=170000000
PA8.Mode=SAI_A_AsyncSlave
SPI2.DataSize=SPI_DATASIZE_8BIT
NVIC.DMA1_Channel1_IRQn=true\:5\:0\:false\:false\:true\:true\:false\:true
PF0-OSC_IN.Signal=RCC_OSC_IN
RCC.I2C2Freq_Value=170000000
RCC.APB1Freq_Value=170000000
USB_DEVICE.VirtualMode=Cdc
Dma.SPI2_RX.1.MemInc=DMA_MINC_ENABLE
ProjectManager.DeviceId=STM32G473CETx
SPI2.TIMode=SPI_TIMODE_DISABLE
PB12.Signal=SPI2_NSS
ProjectManager.LibraryCopy=1
Dma.SAI1_A.2.Polarity=HAL_DMAMUX_REQ_GEN_RISING
PA7.Signal=SPI1_MOSI
